// !$*UTF8*$!
{
	archiveVersion = 1;
	classes = {
	};
	objectVersion = 48;
	objects = {

/* Begin PBXBuildFile section */
		15A93F652032B59D00E3A678 /* main.cpp in Sources */ = {isa = PBXBuildFile; fileRef = 15A93F642032B59D00E3A678 /* main.cpp */; };
		15A93F742032B69E00E3A678 /* shader.cpp in Sources */ = {isa = PBXBuildFile; fileRef = 15A93F6F2032B69E00E3A678 /* shader.cpp */; };
		15A93F752032B69E00E3A678 /* Cube.cpp in Sources */ = {isa = PBXBuildFile; fileRef = 15A93F722032B69E00E3A678 /* Cube.cpp */; };
		15A93F762032B69E00E3A678 /* Window.cpp in Sources */ = {isa = PBXBuildFile; fileRef = 15A93F732032B69E00E3A678 /* Window.cpp */; };
		15A93F792032B7BB00E3A678 /* OpenGL.framework in Frameworks */ = {isa = PBXBuildFile; fileRef = 15A93F782032B7BB00E3A678 /* OpenGL.framework */; };
		15A93F7B2032B86800E3A678 /* libglfw.3.2.dylib in Frameworks */ = {isa = PBXBuildFile; fileRef = 15A93F7A2032B86800E3A678 /* libglfw.3.2.dylib */; };
		15A93F7E2032C26200E3A678 /* OBJObject.cpp in Sources */ = {isa = PBXBuildFile; fileRef = 15A93F7D2032C26200E3A678 /* OBJObject.cpp */; };
/* End PBXBuildFile section */

/* Begin PBXCopyFilesBuildPhase section */
		15A93F5F2032B59D00E3A678 /* CopyFiles */ = {
			isa = PBXCopyFilesBuildPhase;
			buildActionMask = 2147483647;
			dstPath = /usr/share/man/man1/;
			dstSubfolderSpec = 0;
			files = (
			);
			runOnlyForDeploymentPostprocessing = 1;
		};
/* End PBXCopyFilesBuildPhase section */

/* Begin PBXFileReference section */
		15A3236F203F7BCC00388883 /* lightShader.frag */ = {isa = PBXFileReference; fileEncoding = 4; lastKnownFileType = sourcecode.glsl; path = lightShader.frag; sourceTree = "<group>"; };
		15A32370203F7BCC00388883 /* lightShader.vert */ = {isa = PBXFileReference; fileEncoding = 4; lastKnownFileType = sourcecode.glsl; path = lightShader.vert; sourceTree = "<group>"; };
		15A93F612032B59D00E3A678 /* HW2 */ = {isa = PBXFileReference; explicitFileType = "compiled.mach-o.executable"; includeInIndex = 0; path = HW2; sourceTree = BUILT_PRODUCTS_DIR; };
		15A93F642032B59D00E3A678 /* main.cpp */ = {isa = PBXFileReference; lastKnownFileType = sourcecode.cpp.cpp; path = main.cpp; sourceTree = "<group>"; };
		15A93F6B2032B69D00E3A678 /* Window.h */ = {isa = PBXFileReference; fileEncoding = 4; lastKnownFileType = sourcecode.c.h; path = Window.h; sourceTree = "<group>"; };
		15A93F6C2032B69E00E3A678 /* shader.frag */ = {isa = PBXFileReference; fileEncoding = 4; lastKnownFileType = sourcecode.glsl; path = shader.frag; sourceTree = "<group>"; };
		15A93F6D2032B69E00E3A678 /* Cube.h */ = {isa = PBXFileReference; fileEncoding = 4; lastKnownFileType = sourcecode.c.h; path = Cube.h; sourceTree = "<group>"; };
		15A93F6E2032B69E00E3A678 /* main.h */ = {isa = PBXFileReference; fileEncoding = 4; lastKnownFileType = sourcecode.c.h; path = main.h; sourceTree = "<group>"; };
		15A93F6F2032B69E00E3A678 /* shader.cpp */ = {isa = PBXFileReference; fileEncoding = 4; lastKnownFileType = sourcecode.cpp.cpp; path = shader.cpp; sourceTree = "<group>"; };
		15A93F702032B69E00E3A678 /* shader.vert */ = {isa = PBXFileReference; fileEncoding = 4; lastKnownFileType = sourcecode.glsl; path = shader.vert; sourceTree = "<group>"; };
		15A93F712032B69E00E3A678 /* shader.h */ = {isa = PBXFileReference; fileEncoding = 4; lastKnownFileType = sourcecode.c.h; path = shader.h; sourceTree = "<group>"; };
		15A93F722032B69E00E3A678 /* Cube.cpp */ = {isa = PBXFileReference; fileEncoding = 4; lastKnownFileType = sourcecode.cpp.cpp; path = Cube.cpp; sourceTree = "<group>"; };
		15A93F732032B69E00E3A678 /* Window.cpp */ = {isa = PBXFileReference; fileEncoding = 4; lastKnownFileType = sourcecode.cpp.cpp; path = Window.cpp; sourceTree = "<group>"; };
		15A93F782032B7BB00E3A678 /* OpenGL.framework */ = {isa = PBXFileReference; lastKnownFileType = wrapper.framework; name = OpenGL.framework; path = System/Library/Frameworks/OpenGL.framework; sourceTree = SDKROOT; };
		15A93F7A2032B86800E3A678 /* libglfw.3.2.dylib */ = {isa = PBXFileReference; lastKnownFileType = "compiled.mach-o.dylib"; name = libglfw.3.2.dylib; path = "../../../../../Developer/glfw-3.2.1/src/libglfw.3.2.dylib"; sourceTree = "<group>"; };
		15A93F7C2032C26100E3A678 /* OBJObject.h */ = {isa = PBXFileReference; fileEncoding = 4; lastKnownFileType = sourcecode.c.h; path = OBJObject.h; sourceTree = "<group>"; };
		15A93F7D2032C26200E3A678 /* OBJObject.cpp */ = {isa = PBXFileReference; fileEncoding = 4; lastKnownFileType = sourcecode.cpp.cpp; path = OBJObject.cpp; sourceTree = "<group>"; };
		15A93F7F2032CACB00E3A678 /* bunny.obj */ = {isa = PBXFileReference; fileEncoding = 4; lastKnownFileType = text; path = bunny.obj; sourceTree = "<group>"; };
		15A93F802032CACB00E3A678 /* bear.obj */ = {isa = PBXFileReference; fileEncoding = 4; lastKnownFileType = text; path = bear.obj; sourceTree = "<group>"; };
		15A93F812032CACB00E3A678 /* dragon.obj */ = {isa = PBXFileReference; fileEncoding = 4; lastKnownFileType = text; path = dragon.obj; sourceTree = "<group>"; };
		15DD8380203C26BD0073D949 /* sphere.obj */ = {isa = PBXFileReference; fileEncoding = 4; lastKnownFileType = text; path = sphere.obj; sourceTree = "<group>"; };
		15DD8381203C26BE0073D949 /* cone.obj */ = {isa = PBXFileReference; fileEncoding = 4; lastKnownFileType = text; path = cone.obj; sourceTree = "<group>"; };
/* End PBXFileReference section */

/* Begin PBXFrameworksBuildPhase section */
		15A93F5E2032B59D00E3A678 /* Frameworks */ = {
			isa = PBXFrameworksBuildPhase;
			buildActionMask = 2147483647;
			files = (
				15A93F7B2032B86800E3A678 /* libglfw.3.2.dylib in Frameworks */,
				15A93F792032B7BB00E3A678 /* OpenGL.framework in Frameworks */,
			);
			runOnlyForDeploymentPostprocessing = 0;
		};
/* End PBXFrameworksBuildPhase section */

/* Begin PBXGroup section */
		15A93F582032B59D00E3A678 = {
			isa = PBXGroup;
			children = (
				15A93F632032B59D00E3A678 /* HW2 */,
				15A93F622032B59D00E3A678 /* Products */,
				15A93F772032B7BB00E3A678 /* Frameworks */,
			);
			sourceTree = "<group>";
		};
		15A93F622032B59D00E3A678 /* Products */ = {
			isa = PBXGroup;
			children = (
				15A93F612032B59D00E3A678 /* HW2 */,
			);
			name = Products;
			sourceTree = "<group>";
		};
		15A93F632032B59D00E3A678 /* HW2 */ = {
			isa = PBXGroup;
			children = (
				15A93F642032B59D00E3A678 /* main.cpp */,
				15A93F6E2032B69E00E3A678 /* main.h */,
				15A93F732032B69E00E3A678 /* Window.cpp */,
				15A93F6B2032B69D00E3A678 /* Window.h */,
				15A93F7D2032C26200E3A678 /* OBJObject.cpp */,
				15A93F7C2032C26100E3A678 /* OBJObject.h */,
				15A93F722032B69E00E3A678 /* Cube.cpp */,
				15A93F6D2032B69E00E3A678 /* Cube.h */,
				15A93F6F2032B69E00E3A678 /* shader.cpp */,
				15A93F712032B69E00E3A678 /* shader.h */,
				15A93F6C2032B69E00E3A678 /* shader.frag */,
				15A93F702032B69E00E3A678 /* shader.vert */,
				15A3236F203F7BCC00388883 /* lightShader.frag */,
				15A32370203F7BCC00388883 /* lightShader.vert */,
				15A93F7F2032CACB00E3A678 /* bunny.obj */,
				15A93F802032CACB00E3A678 /* bear.obj */,
				15A93F812032CACB00E3A678 /* dragon.obj */,
				15DD8380203C26BD0073D949 /* sphere.obj */,
				15DD8381203C26BE0073D949 /* cone.obj */,
			);
			path = HW2;
			sourceTree = "<group>";
		};
		15A93F772032B7BB00E3A678 /* Frameworks */ = {
			isa = PBXGroup;
			children = (
				15A93F7A2032B86800E3A678 /* libglfw.3.2.dylib */,
				15A93F782032B7BB00E3A678 /* OpenGL.framework */,
			);
			name = Frameworks;
			sourceTree = "<group>";
		};
/* End PBXGroup section */

/* Begin PBXNativeTarget section */
		15A93F602032B59D00E3A678 /* HW2 */ = {
			isa = PBXNativeTarget;
			buildConfigurationList = 15A93F682032B59D00E3A678 /* Build configuration list for PBXNativeTarget "HW2" */;
			buildPhases = (
				15A93F5D2032B59D00E3A678 /* Sources */,
				15A93F5E2032B59D00E3A678 /* Frameworks */,
				15A93F5F2032B59D00E3A678 /* CopyFiles */,
			);
			buildRules = (
			);
			dependencies = (
			);
			name = HW2;
			productName = HW2;
			productReference = 15A93F612032B59D00E3A678 /* HW2 */;
			productType = "com.apple.product-type.tool";
		};
/* End PBXNativeTarget section */

/* Begin PBXProject section */
		15A93F592032B59D00E3A678 /* Project object */ = {
			isa = PBXProject;
			attributes = {
				LastUpgradeCheck = 0920;
				ORGANIZATIONNAME = "Meeta Marathe";
				TargetAttributes = {
					15A93F602032B59D00E3A678 = {
						CreatedOnToolsVersion = 9.2;
						ProvisioningStyle = Automatic;
					};
				};
			};
			buildConfigurationList = 15A93F5C2032B59D00E3A678 /* Build configuration list for PBXProject "HW2" */;
			compatibilityVersion = "Xcode 8.0";
			developmentRegion = en;
			hasScannedForEncodings = 0;
			knownRegions = (
				en,
			);
			mainGroup = 15A93F582032B59D00E3A678;
			productRefGroup = 15A93F622032B59D00E3A678 /* Products */;
			projectDirPath = "";
			projectRoot = "";
			targets = (
				15A93F602032B59D00E3A678 /* HW2 */,
			);
		};
/* End PBXProject section */

/* Begin PBXSourcesBuildPhase section */
		15A93F5D2032B59D00E3A678 /* Sources */ = {
			isa = PBXSourcesBuildPhase;
			buildActionMask = 2147483647;
			files = (
				15A93F752032B69E00E3A678 /* Cube.cpp in Sources */,
				15A93F742032B69E00E3A678 /* shader.cpp in Sources */,
				15A93F652032B59D00E3A678 /* main.cpp in Sources */,
				15A93F7E2032C26200E3A678 /* OBJObject.cpp in Sources */,
				15A93F762032B69E00E3A678 /* Window.cpp in Sources */,
			);
			runOnlyForDeploymentPostprocessing = 0;
		};
/* End PBXSourcesBuildPhase section */

/* Begin XCBuildConfiguration section */
		15A93F662032B59D00E3A678 /* Debug */ = {
			isa = XCBuildConfiguration;
			buildSettings = {
				ALWAYS_SEARCH_USER_PATHS = NO;
				CLANG_ANALYZER_NONNULL = YES;
				CLANG_ANALYZER_NUMBER_OBJECT_CONVERSION = YES_AGGRESSIVE;
				CLANG_CXX_LANGUAGE_STANDARD = "gnu++14";
				CLANG_CXX_LIBRARY = "libc++";
				CLANG_ENABLE_MODULES = YES;
				CLANG_ENABLE_OBJC_ARC = YES;
				CLANG_WARN_BLOCK_CAPTURE_AUTORELEASING = YES;
				CLANG_WARN_BOOL_CONVERSION = YES;
				CLANG_WARN_COMMA = YES;
				CLANG_WARN_CONSTANT_CONVERSION = YES;
				CLANG_WARN_DIRECT_OBJC_ISA_USAGE = YES_ERROR;
				CLANG_WARN_DOCUMENTATION_COMMENTS = YES;
				CLANG_WARN_EMPTY_BODY = YES;
				CLANG_WARN_ENUM_CONVERSION = YES;
				CLANG_WARN_INFINITE_RECURSION = YES;
				CLANG_WARN_INT_CONVERSION = YES;
				CLANG_WARN_NON_LITERAL_NULL_CONVERSION = YES;
				CLANG_WARN_OBJC_LITERAL_CONVERSION = YES;
				CLANG_WARN_OBJC_ROOT_CLASS = YES_ERROR;
				CLANG_WARN_RANGE_LOOP_ANALYSIS = YES;
				CLANG_WARN_STRICT_PROTOTYPES = YES;
				CLANG_WARN_SUSPICIOUS_MOVE = YES;
				CLANG_WARN_UNGUARDED_AVAILABILITY = YES_AGGRESSIVE;
				CLANG_WARN_UNREACHABLE_CODE = YES;
				CLANG_WARN__DUPLICATE_METHOD_MATCH = YES;
				CODE_SIGN_IDENTITY = "-";
				COPY_PHASE_STRIP = NO;
				DEBUG_INFORMATION_FORMAT = dwarf;
				ENABLE_STRICT_OBJC_MSGSEND = YES;
				ENABLE_TESTABILITY = YES;
				GCC_C_LANGUAGE_STANDARD = gnu11;
				GCC_DYNAMIC_NO_PIC = NO;
				GCC_NO_COMMON_BLOCKS = YES;
				GCC_OPTIMIZATION_LEVEL = 0;
				GCC_PREPROCESSOR_DEFINITIONS = (
					"DEBUG=1",
					"$(inherited)",
				);
				GCC_WARN_64_TO_32_BIT_CONVERSION = YES;
				GCC_WARN_ABOUT_RETURN_TYPE = YES_ERROR;
				GCC_WARN_UNDECLARED_SELECTOR = YES;
				GCC_WARN_UNINITIALIZED_AUTOS = YES_AGGRESSIVE;
				GCC_WARN_UNUSED_FUNCTION = YES;
				GCC_WARN_UNUSED_VARIABLE = YES;
				MACOSX_DEPLOYMENT_TARGET = 10.12;
				MTL_ENABLE_DEBUG_INFO = YES;
				ONLY_ACTIVE_ARCH = YES;
				SDKROOT = macosx;
			};
			name = Debug;
		};
		15A93F672032B59D00E3A678 /* Release */ = {
			isa = XCBuildConfiguration;
			buildSettings = {
				ALWAYS_SEARCH_USER_PATHS = NO;
				CLANG_ANALYZER_NONNULL = YES;
				CLANG_ANALYZER_NUMBER_OBJECT_CONVERSION = YES_AGGRESSIVE;
				CLANG_CXX_LANGUAGE_STANDARD = "gnu++14";
				CLANG_CXX_LIBRARY = "libc++";
				CLANG_ENABLE_MODULES = YES;
				CLANG_ENABLE_OBJC_ARC = YES;
				CLANG_WARN_BLOCK_CAPTURE_AUTORELEASING = YES;
				CLANG_WARN_BOOL_CONVERSION = YES;
				CLANG_WARN_COMMA = YES;
				CLANG_WARN_CONSTANT_CONVERSION = YES;
				CLANG_WARN_DIRECT_OBJC_ISA_USAGE = YES_ERROR;
				CLANG_WARN_DOCUMENTATION_COMMENTS = YES;
				CLANG_WARN_EMPTY_BODY = YES;
				CLANG_WARN_ENUM_CONVERSION = YES;
				CLANG_WARN_INFINITE_RECURSION = YES;
				CLANG_WARN_INT_CONVERSION = YES;
				CLANG_WARN_NON_LITERAL_NULL_CONVERSION = YES;
				CLANG_WARN_OBJC_LITERAL_CONVERSION = YES;
				CLANG_WARN_OBJC_ROOT_CLASS = YES_ERROR;
				CLANG_WARN_RANGE_LOOP_ANALYSIS = YES;
				CLANG_WARN_STRICT_PROTOTYPES = YES;
				CLANG_WARN_SUSPICIOUS_MOVE = YES;
				CLANG_WARN_UNGUARDED_AVAILABILITY = YES_AGGRESSIVE;
				CLANG_WARN_UNREACHABLE_CODE = YES;
				CLANG_WARN__DUPLICATE_METHOD_MATCH = YES;
				CODE_SIGN_IDENTITY = "-";
				COPY_PHASE_STRIP = NO;
				DEBUG_INFORMATION_FORMAT = "dwarf-with-dsym";
				ENABLE_NS_ASSERTIONS = NO;
				ENABLE_STRICT_OBJC_MSGSEND = YES;
				GCC_C_LANGUAGE_STANDARD = gnu11;
				GCC_NO_COMMON_BLOCKS = YES;
				GCC_WARN_64_TO_32_BIT_CONVERSION = YES;
				GCC_WARN_ABOUT_RETURN_TYPE = YES_ERROR;
				GCC_WARN_UNDECLARED_SELECTOR = YES;
				GCC_WARN_UNINITIALIZED_AUTOS = YES_AGGRESSIVE;
				GCC_WARN_UNUSED_FUNCTION = YES;
				GCC_WARN_UNUSED_VARIABLE = YES;
				MACOSX_DEPLOYMENT_TARGET = 10.12;
				MTL_ENABLE_DEBUG_INFO = NO;
				SDKROOT = macosx;
			};
			name = Release;
		};
		15A93F692032B59D00E3A678 /* Debug */ = {
			isa = XCBuildConfiguration;
			buildSettings = {
				CODE_SIGN_STYLE = Automatic;
				HEADER_SEARCH_PATHS = (
					"/Developer/glfw-3.2.1/include",
					/Developer/glm,
				);
				LIBRARY_SEARCH_PATHS = "/Developer/glfw-3.2.1/src";
				PRODUCT_NAME = "$(TARGET_NAME)";
			};
			name = Debug;
		};
		15A93F6A2032B59D00E3A678 /* Release */ = {
			isa = XCBuildConfiguration;
			buildSettings = {
				CODE_SIGN_STYLE = Automatic;
				HEADER_SEARCH_PATHS = (
					"/Developer/glfw-3.2.1/include",
					/Developer/glm,
				);
				LIBRARY_SEARCH_PATHS = "/Developer/glfw-3.2.1/src";
				PRODUCT_NAME = "$(TARGET_NAME)";
			};
			name = Release;
		};
/* End XCBuildConfiguration section */

/* Begin XCConfigurationList section */
		15A93F5C2032B59D00E3A678 /* Build configuration list for PBXProject "HW2" */ = {
			isa = XCConfigurationList;
			buildConfigurations = (
				15A93F662032B59D00E3A678 /* Debug */,
				15A93F672032B59D00E3A678 /* Release */,
			);
			defaultConfigurationIsVisible = 0;
			defaultConfigurationName = Release;
		};
		15A93F682032B59D00E3A678 /* Build configuration list for PBXNativeTarget "HW2" */ = {
			isa = XCConfigurationList;
			buildConfigurations = (
				15A93F692032B59D00E3A678 /* Debug */,
				15A93F6A2032B59D00E3A678 /* Release */,
			);
			defaultConfigurationIsVisible = 0;
			defaultConfigurationName = Release;
		};
/* End XCConfigurationList section */
	};
	rootObject = 15A93F592032B59D00E3A678 /* Project object */;
}
